# This file is autogenerated, do not edit; changes may be undone by the next 'dep ensure'.


[[projects]]
  branch = "master"
  name = "github.com/mdlayher/genetlink"
  packages = ["."]
  revision = "ca85b5a307448462b0aa7a07c67c0846bc12568f"

[[projects]]
  branch = "master"
  name = "github.com/mdlayher/netlink"
  packages = [
    ".",
    "nlenc"
  ]
  revision = "80a6f93efd374ddee4e0ea862ca0085ef42eed65"

[[projects]]
  branch = "master"
  name = "github.com/mdlayher/taskstats"
  packages = ["."]
  revision = "2addfb90f49484c870cc4527322a9fda29b61c83"

[[projects]]
  branch = "master"
  name = "golang.org/x/net"
  packages = ["bpf"]
  revision = "aaf60122140d3fcf75376d319f0554393160eb50"

[[projects]]
  branch = "master"
  name = "golang.org/x/sys"
  packages = ["unix"]
  revision = "1c9583448a9c3aa0f9a6a5241bf73c0bd8aafded"

[solve-meta]
  analyzer-name = "dep"
  analyzer-version = 1
  inputs-digest = "60c4978cca6ffc6b68720a0846d668a9e58afec75e73cd2bb343d47f3ac1f3f6"
  solver-name = "gps-cdcl"
  solver-version = 1
