# This file is autogenerated, do not edit; changes may be undone by the next 'dep ensure'.


[[projects]]
  branch = "master"
  name = "github.com/mdlayher/genetlink"
  packages = ["."]
  revision = "76fecce4c787fb8eaa21a8755f722d67c53038e1"

[[projects]]
  branch = "master"
  name = "github.com/mdlayher/netlink"
  packages = [".","nlenc"]
  revision = "756e798fb38fac19fb2234d3acc32e902bc1af44"

[[projects]]
  branch = "master"
  name = "github.com/mdlayher/taskstats"
  packages = ["."]
  revision = "872a891b4e08a229a241cec32cf206a77017303b"

[[projects]]
  branch = "master"
  name = "golang.org/x/net"
  packages = ["bpf"]
  revision = "d866cfc389cec985d6fda2859936a575a55a3ab6"

[[projects]]
  branch = "master"
  name = "golang.org/x/sys"
  packages = ["unix"]
  revision = "83801418e1b59fb1880e363299581ee543af32ca"

[solve-meta]
  analyzer-name = "dep"
  analyzer-version = 1
  inputs-digest = "60c4978cca6ffc6b68720a0846d668a9e58afec75e73cd2bb343d47f3ac1f3f6"
  solver-name = "gps-cdcl"
  solver-version = 1
